<?xml version="1.0" encoding="utf-8"?>
<Project ToolsVersion="4.0" xmlns="http://schemas.microsoft.com/developer/msbuild/2003">
  <ItemGroup>
    <Filter Include="源文件">
      <UniqueIdentifier>{4FC737F1-C7A5-4376-A066-2A32D752A2FF}</UniqueIdentifier>
      <Extensions>cpp;c;cc;cxx;def;odl;idl;hpj;bat;asm;asmx</Extensions>
    </Filter>
    <Filter Include="头文件">
      <UniqueIdentifier>{93995380-89BD-4b04-88EB-625FBE52EBFB}</UniqueIdentifier>
      <Extensions>h;hh;hpp;hxx;hm;inl;inc;xsd</Extensions>
    </Filter>
    <Filter Include="资源文件">
      <UniqueIdentifier>{67DA6AB6-F800-4c08-8B7A-83BB121AAD01}</UniqueIdentifier>
      <Extensions>rc;ico;cur;bmp;dlg;rc2;rct;bin;rgs;gif;jpg;jpeg;jpe;resx;tiff;tif;png;wav;mfcribbon-ms</Extensions>
    </Filter>
  </ItemGroup>
  <ItemGroup>
    <ClCompile Include="leetcode-1.cpp">
      <Filter>源文件</Filter>
    </ClCompile>
    <ClCompile Include="leetcode-2.cpp">
      <Filter>源文件</Filter>
    </ClCompile>
    <ClCompile Include="leetcode-3.cpp">
      <Filter>源文件</Filter>
    </ClCompile>
    <ClCompile Include="leetcode-4.cpp">
      <Filter>源文件</Filter>
    </ClCompile>
    <ClCompile Include="leetcode-5.cpp">
      <Filter>源文件</Filter>
    </ClCompile>
    <ClCompile Include="leetcode-36.cpp">
      <Filter>源文件</Filter>
    </ClCompile>
    <ClCompile Include="leetcode-46.cpp">
      <Filter>源文件</Filter>
    </ClCompile>
    <ClCompile Include="leetcode-60.cpp">
      <Filter>源文件</Filter>
    </ClCompile>
    <ClCompile Include="leetcode-51.cpp">
      <Filter>源文件</Filter>
    </ClCompile>
    <ClCompile Include="leetcode-52.cpp">
      <Filter>源文件</Filter>
    </ClCompile>
    <ClCompile Include="leetcode-6.cpp">
      <Filter>源文件</Filter>
    </ClCompile>
    <ClCompile Include="leetcode-7.cpp">
      <Filter>源文件</Filter>
    </ClCompile>
    <ClCompile Include="leetcode-77.cpp">
      <Filter>源文件</Filter>
    </ClCompile>
    <ClCompile Include="leetcode-118.cpp">
      <Filter>源文件</Filter>
    </ClCompile>
    <ClCompile Include="leetcode-63.cpp">
      <Filter>源文件</Filter>
    </ClCompile>
    <ClCompile Include="leetcode-8.cpp">
      <Filter>源文件</Filter>
    </ClCompile>
    <ClCompile Include="leetcode-9.cpp">
      <Filter>源文件</Filter>
    </ClCompile>
    <ClCompile Include="leetcode-16.cpp">
      <Filter>源文件</Filter>
    </ClCompile>
    <ClCompile Include="leetcode-18.cpp">
      <Filter>源文件</Filter>
    </ClCompile>
    <ClCompile Include="leetcode-39.cpp">
      <Filter>源文件</Filter>
    </ClCompile>
    <ClCompile Include="leetcode-11.cpp">
      <Filter>源文件</Filter>
    </ClCompile>
    <ClCompile Include="leetcode-12.cpp">
      <Filter>源文件</Filter>
    </ClCompile>
    <ClCompile Include="leetcode-40.cpp">
      <Filter>源文件</Filter>
    </ClCompile>
    <ClCompile Include="leetcode-43.cpp">
      <Filter>源文件</Filter>
    </ClCompile>
    <ClCompile Include="leetcode-58.cpp">
      <Filter>源文件</Filter>
    </ClCompile>
    <ClCompile Include="leetcode-47.cpp">
      <Filter>源文件</Filter>
    </ClCompile>
    <ClCompile Include="leetcode-13.cpp">
      <Filter>源文件</Filter>
    </ClCompile>
    <ClCompile Include="leetcode-14.cpp">
      <Filter>源文件</Filter>
    </ClCompile>
    <ClCompile Include="leetcode-55.cpp">
      <Filter>源文件</Filter>
    </ClCompile>
    <ClCompile Include="leetcode-15.cpp">
      <Filter>源文件</Filter>
    </ClCompile>
    <ClCompile Include="leetcode-17.cpp">
      <Filter>源文件</Filter>
    </ClCompile>
    <ClCompile Include="leetcode-75.cpp">
      <Filter>源文件</Filter>
    </ClCompile>
    <ClCompile Include="leetcode-45.cpp">
      <Filter>源文件</Filter>
    </ClCompile>
    <ClCompile Include="leetcode-19.cpp">
      <Filter>源文件</Filter>
    </ClCompile>
    <ClCompile Include="leetcode-20.cpp">
      <Filter>源文件</Filter>
    </ClCompile>
    <ClCompile Include="leetcode-21.cpp">
      <Filter>源文件</Filter>
    </ClCompile>
    <ClCompile Include="leetcode-22.cpp">
      <Filter>源文件</Filter>
    </ClCompile>
    <ClCompile Include="leetcode-23.cpp">
      <Filter>源文件</Filter>
    </ClCompile>
    <ClCompile Include="leetcode-33.cpp">
      <Filter>源文件</Filter>
    </ClCompile>
    <ClCompile Include="leetcode-48.cpp">
      <Filter>源文件</Filter>
    </ClCompile>
    <ClCompile Include="leetcode-24.cpp">
      <Filter>源文件</Filter>
    </ClCompile>
    <ClCompile Include="leetcode-25.cpp">
      <Filter>源文件</Filter>
    </ClCompile>
    <ClCompile Include="leetcode-31.cpp">
      <Filter>源文件</Filter>
    </ClCompile>
    <ClCompile Include="leetcode-26.cpp">
      <Filter>源文件</Filter>
    </ClCompile>
    <ClCompile Include="leetcode-27.cpp">
      <Filter>源文件</Filter>
    </ClCompile>
    <ClCompile Include="leetcode-61.cpp">
      <Filter>源文件</Filter>
    </ClCompile>
    <ClCompile Include="leetcode-29.cpp">
      <Filter>源文件</Filter>
    </ClCompile>
    <ClCompile Include="leetcode-54.cpp">
      <Filter>源文件</Filter>
    </ClCompile>
    <ClCompile Include="leetcode-80.cpp">
      <Filter>源文件</Filter>
    </ClCompile>
    <ClCompile Include="leetcode-83.cpp">
      <Filter>源文件</Filter>
    </ClCompile>
    <ClCompile Include="leetcode-82.cpp">
      <Filter>源文件</Filter>
    </ClCompile>
    <ClCompile Include="leetcode-86.cpp">
      <Filter>源文件</Filter>
    </ClCompile>
    <ClCompile Include="leetcode-50.cpp">
      <Filter>源文件</Filter>
    </ClCompile>
    <ClCompile Include="leetcode-1108.cpp">
      <Filter>源文件</Filter>
    </ClCompile>
    <ClCompile Include="leetcode-922.cpp">
      <Filter>源文件</Filter>
    </ClCompile>
    <ClCompile Include="leetcode-905.cpp">
      <Filter>源文件</Filter>
    </ClCompile>
    <ClCompile Include="leetcode-771.cpp">
      <Filter>源文件</Filter>
    </ClCompile>
    <ClCompile Include="leetcode-709.cpp">
      <Filter>源文件</Filter>
    </ClCompile>
    <ClCompile Include="leetcode-371.cpp">
      <Filter>源文件</Filter>
    </ClCompile>
    <ClCompile Include="leetcode-344.cpp">
      <Filter>源文件</Filter>
    </ClCompile>
    <ClCompile Include="leetcode-322.cpp">
      <Filter>源文件</Filter>
    </ClCompile>
    <ClCompile Include="leetcode-100.cpp">
      <Filter>源文件</Filter>
    </ClCompile>
    <ClCompile Include="leetcode-49.cpp">
      <Filter>源文件</Filter>
    </ClCompile>
    <ClCompile Include="leetcode-71.cpp">
      <Filter>源文件</Filter>
    </ClCompile>
    <ClCompile Include="leetcode-102.cpp">
      <Filter>源文件</Filter>
    </ClCompile>
    <ClCompile Include="leetcode-103.cpp">
      <Filter>源文件</Filter>
    </ClCompile>
    <ClCompile Include="leetcode-107.cpp">
      <Filter>源文件</Filter>
    </ClCompile>
    <ClCompile Include="leetcode-144.cpp">
      <Filter>源文件</Filter>
    </ClCompile>
  </ItemGroup>
</Project>